// !$*UTF8*$!
{
	archiveVersion = 1;
	classes = {
	};
	objectVersion = 56;
	objects = {

/* Begin PBXBuildFile section */
		43AF2BD22B8F42A100DB0FA0 /* AppDelegate.swift in Sources */ = {isa = PBXBuildFile; fileRef = 43AF2BD12B8F42A100DB0FA0 /* AppDelegate.swift */; };
		43AF2BD42B8F42A100DB0FA0 /* SceneDelegate.swift in Sources */ = {isa = PBXBuildFile; fileRef = 43AF2BD32B8F42A100DB0FA0 /* SceneDelegate.swift */; };
		43AF2BD62B8F42A100DB0FA0 /* CanvasView.swift in Sources */ = {isa = PBXBuildFile; fileRef = 43AF2BD52B8F42A100DB0FA0 /* CanvasView.swift */; };
		43AF2BDB2B8F42A500DB0FA0 /* Assets.xcassets in Resources */ = {isa = PBXBuildFile; fileRef = 43AF2BDA2B8F42A500DB0FA0 /* Assets.xcassets */; };
		43AF2BDE2B8F42A500DB0FA0 /* LaunchScreen.storyboard in Resources */ = {isa = PBXBuildFile; fileRef = 43AF2BDC2B8F42A500DB0FA0 /* LaunchScreen.storyboard */; };
		43AF2BE72B8F456B00DB0FA0 /* MainViewController.swift in Sources */ = {isa = PBXBuildFile; fileRef = 43AF2BE62B8F456B00DB0FA0 /* MainViewController.swift */; };
		43AF2BE92B8F4A9900DB0FA0 /* DrawingPathInfo.swift in Sources */ = {isa = PBXBuildFile; fileRef = 43AF2BE82B8F4A9900DB0FA0 /* DrawingPathInfo.swift */; };
		43AF2BEB2B8F4ACF00DB0FA0 /* DrawingMode.swift in Sources */ = {isa = PBXBuildFile; fileRef = 43AF2BEA2B8F4ACF00DB0FA0 /* DrawingMode.swift */; };
/* End PBXBuildFile section */

/* Begin PBXFileReference section */
		43AF2BCE2B8F42A100DB0FA0 /* SmoothBezierDrawing.app */ = {isa = PBXFileReference; explicitFileType = wrapper.application; includeInIndex = 0; path = SmoothBezierDrawing.app; sourceTree = BUILT_PRODUCTS_DIR; };
		43AF2BD12B8F42A100DB0FA0 /* AppDelegate.swift */ = {isa = PBXFileReference; lastKnownFileType = sourcecode.swift; path = AppDelegate.swift; sourceTree = "<group>"; };
		43AF2BD32B8F42A100DB0FA0 /* SceneDelegate.swift */ = {isa = PBXFileReference; lastKnownFileType = sourcecode.swift; path = SceneDelegate.swift; sourceTree = "<group>"; };
		43AF2BD52B8F42A100DB0FA0 /* CanvasView.swift */ = {isa = PBXFileReference; lastKnownFileType = sourcecode.swift; path = CanvasView.swift; sourceTree = "<group>"; };
		43AF2BDA2B8F42A500DB0FA0 /* Assets.xcassets */ = {isa = PBXFileReference; lastKnownFileType = folder.assetcatalog; path = Assets.xcassets; sourceTree = "<group>"; };
		43AF2BDD2B8F42A500DB0FA0 /* Base */ = {isa = PBXFileReference; lastKnownFileType = file.storyboard; name = Base; path = Base.lproj/LaunchScreen.storyboard; sourceTree = "<group>"; };
		43AF2BDF2B8F42A500DB0FA0 /* Info.plist */ = {isa = PBXFileReference; lastKnownFileType = text.plist.xml; path = Info.plist; sourceTree = "<group>"; };
		43AF2BE62B8F456B00DB0FA0 /* MainViewController.swift */ = {isa = PBXFileReference; lastKnownFileType = sourcecode.swift; path = MainViewController.swift; sourceTree = "<group>"; };
		43AF2BE82B8F4A9900DB0FA0 /* DrawingPathInfo.swift */ = {isa = PBXFileReference; lastKnownFileType = sourcecode.swift; name = DrawingPathInfo.swift; path = SmoothBezierDrawing/DrawingPathInfo.swift; sourceTree = SOURCE_ROOT; };
		43AF2BEA2B8F4ACF00DB0FA0 /* DrawingMode.swift */ = {isa = PBXFileReference; lastKnownFileType = sourcecode.swift; path = DrawingMode.swift; sourceTree = "<group>"; };
/* End PBXFileReference section */

/* Begin PBXFrameworksBuildPhase section */
		43AF2BCB2B8F42A100DB0FA0 /* Frameworks */ = {
			isa = PBXFrameworksBuildPhase;
			buildActionMask = 2147483647;
			files = (
			);
			runOnlyForDeploymentPostprocessing = 0;
		};
/* End PBXFrameworksBuildPhase section */

/* Begin PBXGroup section */
		43AF2BC52B8F42A100DB0FA0 = {
			isa = PBXGroup;
			children = (
				43AF2BD02B8F42A100DB0FA0 /* SmoothBezierDrawing */,
				43AF2BCF2B8F42A100DB0FA0 /* Products */,
			);
			sourceTree = "<group>";
		};
		43AF2BCF2B8F42A100DB0FA0 /* Products */ = {
			isa = PBXGroup;
			children = (
				43AF2BCE2B8F42A100DB0FA0 /* SmoothBezierDrawing.app */,
			);
			name = Products;
			sourceTree = "<group>";
		};
		43AF2BD02B8F42A100DB0FA0 /* SmoothBezierDrawing */ = {
			isa = PBXGroup;
			children = (
				43AF2BDF2B8F42A500DB0FA0 /* Info.plist */,
				43AF2BE52B8F452F00DB0FA0 /* Core */,
				43AF2BE62B8F456B00DB0FA0 /* MainViewController.swift */,
				43AF2BD52B8F42A100DB0FA0 /* CanvasView.swift */,
				43AF2BE82B8F4A9900DB0FA0 /* DrawingPathInfo.swift */,
				43AF2BEA2B8F4ACF00DB0FA0 /* DrawingMode.swift */,
			);
			path = SmoothBezierDrawing;
			sourceTree = "<group>";
		};
		43AF2BE52B8F452F00DB0FA0 /* Core */ = {
			isa = PBXGroup;
			children = (
				43AF2BD12B8F42A100DB0FA0 /* AppDelegate.swift */,
				43AF2BD32B8F42A100DB0FA0 /* SceneDelegate.swift */,
				43AF2BDA2B8F42A500DB0FA0 /* Assets.xcassets */,
				43AF2BDC2B8F42A500DB0FA0 /* LaunchScreen.storyboard */,
			);
			path = Core;
			sourceTree = "<group>";
		};
/* End PBXGroup section */

/* Begin PBXNativeTarget section */
		43AF2BCD2B8F42A100DB0FA0 /* SmoothBezierDrawing */ = {
			isa = PBXNativeTarget;
			buildConfigurationList = 43AF2BE22B8F42A500DB0FA0 /* Build configuration list for PBXNativeTarget "SmoothBezierDrawing" */;
			buildPhases = (
				43AF2BCA2B8F42A100DB0FA0 /* Sources */,
				43AF2BCB2B8F42A100DB0FA0 /* Frameworks */,
				43AF2BCC2B8F42A100DB0FA0 /* Resources */,
			);
			buildRules = (
			);
			dependencies = (
			);
			name = SmoothBezierDrawing;
			productName = SmoothBezierDrawing;
			productReference = 43AF2BCE2B8F42A100DB0FA0 /* SmoothBezierDrawing.app */;
			productType = "com.apple.product-type.application";
		};
/* End PBXNativeTarget section */

/* Begin PBXProject section */
		43AF2BC62B8F42A100DB0FA0 /* Project object */ = {
			isa = PBXProject;
			attributes = {
				BuildIndependentTargetsInParallel = 1;
				LastSwiftUpdateCheck = 1520;
				LastUpgradeCheck = 1520;
				TargetAttributes = {
					43AF2BCD2B8F42A100DB0FA0 = {
						CreatedOnToolsVersion = 15.2;
					};
				};
			};
			buildConfigurationList = 43AF2BC92B8F42A100DB0FA0 /* Build configuration list for PBXProject "SmoothBezierDrawing" */;
			compatibilityVersion = "Xcode 14.0";
			developmentRegion = en;
			hasScannedForEncodings = 0;
			knownRegions = (
				en,
				Base,
			);
			mainGroup = 43AF2BC52B8F42A100DB0FA0;
			productRefGroup = 43AF2BCF2B8F42A100DB0FA0 /* Products */;
			projectDirPath = "";
			projectRoot = "";
			targets = (
				43AF2BCD2B8F42A100DB0FA0 /* SmoothBezierDrawing */,
			);
		};
/* End PBXProject section */

/* Begin PBXResourcesBuildPhase section */
		43AF2BCC2B8F42A100DB0FA0 /* Resources */ = {
			isa = PBXResourcesBuildPhase;
			buildActionMask = 2147483647;
			files = (
				43AF2BDE2B8F42A500DB0FA0 /* LaunchScreen.storyboard in Resources */,
				43AF2BDB2B8F42A500DB0FA0 /* Assets.xcassets in Resources */,
			);
			runOnlyForDeploymentPostprocessing = 0;
		};
/* End PBXResourcesBuildPhase section */

/* Begin PBXSourcesBuildPhase section */
		43AF2BCA2B8F42A100DB0FA0 /* Sources */ = {
			isa = PBXSourcesBuildPhase;
			buildActionMask = 2147483647;
			files = (
				43AF2BE92B8F4A9900DB0FA0 /* DrawingPathInfo.swift in Sources */,
				43AF2BD62B8F42A100DB0FA0 /* CanvasView.swift in Sources */,
				43AF2BD22B8F42A100DB0FA0 /* AppDelegate.swift in Sources */,
				43AF2BEB2B8F4ACF00DB0FA0 /* DrawingMode.swift in Sources */,
				43AF2BD42B8F42A100DB0FA0 /* SceneDelegate.swift in Sources */,
				43AF2BE72B8F456B00DB0FA0 /* MainViewController.swift in Sources */,
			);
			runOnlyForDeploymentPostprocessing = 0;
		};
/* End PBXSourcesBuildPhase section */

/* Begin PBXVariantGroup section */
		43AF2BDC2B8F42A500DB0FA0 /* LaunchScreen.storyboard */ = {
			isa = PBXVariantGroup;
			children = (
				43AF2BDD2B8F42A500DB0FA0 /* Base */,
			);
			name = LaunchScreen.storyboard;
			sourceTree = "<group>";
		};
/* End PBXVariantGroup section */

/* Begin XCBuildConfiguration section */
		43AF2BE02B8F42A500DB0FA0 /* Debug */ = {
			isa = XCBuildConfiguration;
			buildSettings = {
				ALWAYS_SEARCH_USER_PATHS = NO;
				ASSETCATALOG_COMPILER_GENERATE_SWIFT_ASSET_SYMBOL_EXTENSIONS = YES;
				CLANG_ANALYZER_NONNULL = YES;
				CLANG_ANALYZER_NUMBER_OBJECT_CONVERSION = YES_AGGRESSIVE;
				CLANG_CXX_LANGUAGE_STANDARD = "gnu++20";
				CLANG_ENABLE_MODULES = YES;
				CLANG_ENABLE_OBJC_ARC = YES;
				CLANG_ENABLE_OBJC_WEAK = YES;
				CLANG_WARN_BLOCK_CAPTURE_AUTORELEASING = YES;
				CLANG_WARN_BOOL_CONVERSION = YES;
				CLANG_WARN_COMMA = YES;
				CLANG_WARN_CONSTANT_CONVERSION = YES;
				CLANG_WARN_DEPRECATED_OBJC_IMPLEMENTATIONS = YES;
				CLANG_WARN_DIRECT_OBJC_ISA_USAGE = YES_ERROR;
				CLANG_WARN_DOCUMENTATION_COMMENTS = YES;
				CLANG_WARN_EMPTY_BODY = YES;
				CLANG_WARN_ENUM_CONVERSION = YES;
				CLANG_WARN_INFINITE_RECURSION = YES;
				CLANG_WARN_INT_CONVERSION = YES;
				CLANG_WARN_NON_LITERAL_NULL_CONVERSION = YES;
				CLANG_WARN_OBJC_IMPLICIT_RETAIN_SELF = YES;
				CLANG_WARN_OBJC_LITERAL_CONVERSION = YES;
				CLANG_WARN_OBJC_ROOT_CLASS = YES_ERROR;
				CLANG_WARN_QUOTED_INCLUDE_IN_FRAMEWORK_HEADER = YES;
				CLANG_WARN_RANGE_LOOP_ANALYSIS = YES;
				CLANG_WARN_STRICT_PROTOTYPES = YES;
				CLANG_WARN_SUSPICIOUS_MOVE = YES;
				CLANG_WARN_UNGUARDED_AVAILABILITY = YES_AGGRESSIVE;
				CLANG_WARN_UNREACHABLE_CODE = YES;
				CLANG_WARN__DUPLICATE_METHOD_MATCH = YES;
				COPY_PHASE_STRIP = NO;
				DEBUG_INFORMATION_FORMAT = dwarf;
				ENABLE_STRICT_OBJC_MSGSEND = YES;
				ENABLE_TESTABILITY = YES;
				ENABLE_USER_SCRIPT_SANDBOXING = YES;
				GCC_C_LANGUAGE_STANDARD = gnu17;
				GCC_DYNAMIC_NO_PIC = NO;
				GCC_NO_COMMON_BLOCKS = YES;
				GCC_OPTIMIZATION_LEVEL = 0;
				GCC_PREPROCESSOR_DEFINITIONS = (
					"DEBUG=1",
					"$(inherited)",
				);
				GCC_WARN_64_TO_32_BIT_CONVERSION = YES;
				GCC_WARN_ABOUT_RETURN_TYPE = YES_ERROR;
				GCC_WARN_UNDECLARED_SELECTOR = YES;
				GCC_WARN_UNINITIALIZED_AUTOS = YES_AGGRESSIVE;
				GCC_WARN_UNUSED_FUNCTION = YES;
				GCC_WARN_UNUSED_VARIABLE = YES;
				IPHONEOS_DEPLOYMENT_TARGET = 13.0;
				LOCALIZATION_PREFERS_STRING_CATALOGS = YES;
				MTL_ENABLE_DEBUG_INFO = INCLUDE_SOURCE;
				MTL_FAST_MATH = YES;
				ONLY_ACTIVE_ARCH = YES;
				SDKROOT = iphoneos;
				SWIFT_ACTIVE_COMPILATION_CONDITIONS = "DEBUG $(inherited)";
				SWIFT_OPTIMIZATION_LEVEL = "-Onone";
			};
			name = Debug;
		};
		43AF2BE12B8F42A500DB0FA0 /* Release */ = {
			isa = XCBuildConfiguration;
			buildSettings = {
				ALWAYS_SEARCH_USER_PATHS = NO;
				ASSETCATALOG_COMPILER_GENERATE_SWIFT_ASSET_SYMBOL_EXTENSIONS = YES;
				CLANG_ANALYZER_NONNULL = YES;
				CLANG_ANALYZER_NUMBER_OBJECT_CONVERSION = YES_AGGRESSIVE;
				CLANG_CXX_LANGUAGE_STANDARD = "gnu++20";
				CLANG_ENABLE_MODULES = YES;
				CLANG_ENABLE_OBJC_ARC = YES;
				CLANG_ENABLE_OBJC_WEAK = YES;
				CLANG_WARN_BLOCK_CAPTURE_AUTORELEASING = YES;
				CLANG_WARN_BOOL_CONVERSION = YES;
				CLANG_WARN_COMMA = YES;
				CLANG_WARN_CONSTANT_CONVERSION = YES;
				CLANG_WARN_DEPRECATED_OBJC_IMPLEMENTATIONS = YES;
				CLANG_WARN_DIRECT_OBJC_ISA_USAGE = YES_ERROR;
				CLANG_WARN_DOCUMENTATION_COMMENTS = YES;
				CLANG_WARN_EMPTY_BODY = YES;
				CLANG_WARN_ENUM_CONVERSION = YES;
				CLANG_WARN_INFINITE_RECURSION = YES;
				CLANG_WARN_INT_CONVERSION = YES;
				CLANG_WARN_NON_LITERAL_NULL_CONVERSION = YES;
				CLANG_WARN_OBJC_IMPLICIT_RETAIN_SELF = YES;
				CLANG_WARN_OBJC_LITERAL_CONVERSION = YES;
				CLANG_WARN_OBJC_ROOT_CLASS = YES_ERROR;
				CLANG_WARN_QUOTED_INCLUDE_IN_FRAMEWORK_HEADER = YES;
				CLANG_WARN_RANGE_LOOP_ANALYSIS = YES;
				CLANG_WARN_STRICT_PROTOTYPES = YES;
				CLANG_WARN_SUSPICIOUS_MOVE = YES;
				CLANG_WARN_UNGUARDED_AVAILABILITY = YES_AGGRESSIVE;
				CLANG_WARN_UNREACHABLE_CODE = YES;
				CLANG_WARN__DUPLICATE_METHOD_MATCH = YES;
				COPY_PHASE_STRIP = NO;
				DEBUG_INFORMATION_FORMAT = "dwarf-with-dsym";
				ENABLE_NS_ASSERTIONS = NO;
				ENABLE_STRICT_OBJC_MSGSEND = YES;
				ENABLE_USER_SCRIPT_SANDBOXING = YES;
				GCC_C_LANGUAGE_STANDARD = gnu17;
				GCC_NO_COMMON_BLOCKS = YES;
				GCC_WARN_64_TO_32_BIT_CONVERSION = YES;
				GCC_WARN_ABOUT_RETURN_TYPE = YES_ERROR;
				GCC_WARN_UNDECLARED_SELECTOR = YES;
				GCC_WARN_UNINITIALIZED_AUTOS = YES_AGGRESSIVE;
				GCC_WARN_UNUSED_FUNCTION = YES;
				GCC_WARN_UNUSED_VARIABLE = YES;
				IPHONEOS_DEPLOYMENT_TARGET = 13.0;
				LOCALIZATION_PREFERS_STRING_CATALOGS = YES;
				MTL_ENABLE_DEBUG_INFO = NO;
				MTL_FAST_MATH = YES;
				SDKROOT = iphoneos;
				SWIFT_COMPILATION_MODE = wholemodule;
				VALIDATE_PRODUCT = YES;
			};
			name = Release;
		};
		43AF2BE32B8F42A500DB0FA0 /* Debug */ = {
			isa = XCBuildConfiguration;
			buildSettings = {
				ASSETCATALOG_COMPILER_APPICON_NAME = AppIcon;
				ASSETCATALOG_COMPILER_GLOBAL_ACCENT_COLOR_NAME = AccentColor;
				CODE_SIGN_STYLE = Automatic;
				CURRENT_PROJECT_VERSION = 1;
				DEVELOPMENT_TEAM = 3U2JR7F29N;
				GENERATE_INFOPLIST_FILE = YES;
				INFOPLIST_FILE = SmoothBezierDrawing/Info.plist;
				INFOPLIST_KEY_UIApplicationSupportsIndirectInputEvents = YES;
				INFOPLIST_KEY_UILaunchStoryboardName = LaunchScreen;
				INFOPLIST_KEY_UISupportedInterfaceOrientations_iPad = "UIInterfaceOrientationPortrait UIInterfaceOrientationPortraitUpsideDown UIInterfaceOrientationLandscapeLeft UIInterfaceOrientationLandscapeRight";
				INFOPLIST_KEY_UISupportedInterfaceOrientations_iPhone = "UIInterfaceOrientationPortrait UIInterfaceOrientationLandscapeLeft UIInterfaceOrientationLandscapeRight";
				IPHONEOS_DEPLOYMENT_TARGET = 13.0;
				LD_RUNPATH_SEARCH_PATHS = (
					"$(inherited)",
					"@executable_path/Frameworks",
				);
				MARKETING_VERSION = 1.0;
				PRODUCT_BUNDLE_IDENTIFIER = com.jun.SmoothBezierDrawing;
				PRODUCT_NAME = "$(TARGET_NAME)";
				SWIFT_EMIT_LOC_STRINGS = YES;
				SWIFT_VERSION = 5.0;
				TARGETED_DEVICE_FAMILY = "1,2";
			};
			name = Debug;
		};
		43AF2BE42B8F42A500DB0FA0 /* Release */ = {
			isa = XCBuildConfiguration;
			buildSettings = {
				ASSETCATALOG_COMPILER_APPICON_NAME = AppIcon;
				ASSETCATALOG_COMPILER_GLOBAL_ACCENT_COLOR_NAME = AccentColor;
				CODE_SIGN_STYLE = Automatic;
				CURRENT_PROJECT_VERSION = 1;
				DEVELOPMENT_TEAM = 3U2JR7F29N;
				GENERATE_INFOPLIST_FILE = YES;
				INFOPLIST_FILE = SmoothBezierDrawing/Info.plist;
				INFOPLIST_KEY_UIApplicationSupportsIndirectInputEvents = YES;
				INFOPLIST_KEY_UILaunchStoryboardName = LaunchScreen;
				INFOPLIST_KEY_UISupportedInterfaceOrientations_iPad = "UIInterfaceOrientationPortrait UIInterfaceOrientationPortraitUpsideDown UIInterfaceOrientationLandscapeLeft UIInterfaceOrientationLandscapeRight";
				INFOPLIST_KEY_UISupportedInterfaceOrientations_iPhone = "UIInterfaceOrientationPortrait UIInterfaceOrientationLandscapeLeft UIInterfaceOrientationLandscapeRight";
				IPHONEOS_DEPLOYMENT_TARGET = 13.0;
				LD_RUNPATH_SEARCH_PATHS = (
					"$(inherited)",
					"@executable_path/Frameworks",
				);
				MARKETING_VERSION = 1.0;
				PRODUCT_BUNDLE_IDENTIFIER = com.jun.SmoothBezierDrawing;
				PRODUCT_NAME = "$(TARGET_NAME)";
				SWIFT_EMIT_LOC_STRINGS = YES;
				SWIFT_VERSION = 5.0;
				TARGETED_DEVICE_FAMILY = "1,2";
			};
			name = Release;
		};
/* End XCBuildConfiguration section */

/* Begin XCConfigurationList section */
		43AF2BC92B8F42A100DB0FA0 /* Build configuration list for PBXProject "SmoothBezierDrawing" */ = {
			isa = XCConfigurationList;
			buildConfigurations = (
				43AF2BE02B8F42A500DB0FA0 /* Debug */,
				43AF2BE12B8F42A500DB0FA0 /* Release */,
			);
			defaultConfigurationIsVisible = 0;
			defaultConfigurationName = Release;
		};
		43AF2BE22B8F42A500DB0FA0 /* Build configuration list for PBXNativeTarget "SmoothBezierDrawing" */ = {
			isa = XCConfigurationList;
			buildConfigurations = (
				43AF2BE32B8F42A500DB0FA0 /* Debug */,
				43AF2BE42B8F42A500DB0FA0 /* Release */,
			);
			defaultConfigurationIsVisible = 0;
			defaultConfigurationName = Release;
		};
/* End XCConfigurationList section */
	};
	rootObject = 43AF2BC62B8F42A100DB0FA0 /* Project object */;
}
